
Microsoft Visual Studio Solution File, Format Version 12.00
# Visual Studio Version 17
VisualStudioVersion = 17.9.34728.123
MinimumVisualStudioVersion = 10.0.40219.1
Project("{9A19103F-16F7-4668-BE54-9A1E7A4F7556}") = "NotificationLog", "NotificationLog\NotificationLog.csproj", "{66F27842-9B36-4F5E-AAFB-FDFBEB3B1AA5}"
EndProject
Project("{2150E333-8FDC-42A3-9474-1A3956D46DE8}") = "Solution Items", "Solution Items", "{BC51CB36-B1D3-4631-8F8E-7EF9731682F3}"
	ProjectSection(SolutionItems) = preProject
		mods.json = mods.json
		README.md = README.md
		NotificationLog\README.md = NotificationLog\README.md
		PropSpawner\README.md = PropSpawner\README.md
		PublicSafety\README.md = PublicSafety\README.md
	EndProjectSection
EndProject
Project("{9A19103F-16F7-4668-BE54-9A1E7A4F7556}") = "PublicSafety", "PublicSafety\PublicSafety.csproj", "{0A2170D9-1073-4800-8B0B-CD40BFDFE5A0}"
EndProject
Project("{9A19103F-16F7-4668-BE54-9A1E7A4F7556}") = "PropSpawner", "PropSpawner\PropSpawner.csproj", "{D928C266-2F2A-40C6-8428-84CBC36387A1}"
EndProject
Project("{9A19103F-16F7-4668-BE54-9A1E7A4F7556}") = "BTKUILib", "..\BTKUILib\BTKUILib.csproj", "{3C2C947A-6522-4A4F-B6FA-755A5293817D}"
EndProject
Project("{9A19103F-16F7-4668-BE54-9A1E7A4F7556}") = "ChatBox", "..\Kafe_CVR_Mods\ChatBox\ChatBox.csproj", "{ED73DD3D-5BF4-4E64-B7B4-285978259209}"
EndProject
Project("{9A19103F-16F7-4668-BE54-9A1E7A4F7556}") = "MoreChatNotifications", "MoreChatNotifications\MoreChatNotifications.csproj", "{D58475B2-CFEC-4346-808A-9E69E66EE018}"
EndProject
Project("{9A19103F-16F7-4668-BE54-9A1E7A4F7556}") = "VRModeSwitchHotkey", "VRModeSwitchHotkey\VRModeSwitchHotkey.csproj", "{A3BA3F23-E622-497A-BDCC-1BB83640F5BE}"
EndProject
Global
	GlobalSection(SolutionConfigurationPlatforms) = preSolution
		Debug|Any CPU = Debug|Any CPU
		Release|Any CPU = Release|Any CPU
	EndGlobalSection
	GlobalSection(ProjectConfigurationPlatforms) = postSolution
		{66F27842-9B36-4F5E-AAFB-FDFBEB3B1AA5}.Debug|Any CPU.ActiveCfg = Debug|Any CPU
		{66F27842-9B36-4F5E-AAFB-FDFBEB3B1AA5}.Debug|Any CPU.Build.0 = Debug|Any CPU
		{66F27842-9B36-4F5E-AAFB-FDFBEB3B1AA5}.Release|Any CPU.ActiveCfg = Release|Any CPU
		{66F27842-9B36-4F5E-AAFB-FDFBEB3B1AA5}.Release|Any CPU.Build.0 = Release|Any CPU
		{0A2170D9-1073-4800-8B0B-CD40BFDFE5A0}.Debug|Any CPU.ActiveCfg = Debug|Any CPU
		{0A2170D9-1073-4800-8B0B-CD40BFDFE5A0}.Debug|Any CPU.Build.0 = Debug|Any CPU
		{0A2170D9-1073-4800-8B0B-CD40BFDFE5A0}.Release|Any CPU.ActiveCfg = Release|Any CPU
		{0A2170D9-1073-4800-8B0B-CD40BFDFE5A0}.Release|Any CPU.Build.0 = Release|Any CPU
		{D928C266-2F2A-40C6-8428-84CBC36387A1}.Debug|Any CPU.ActiveCfg = Debug|Any CPU
		{D928C266-2F2A-40C6-8428-84CBC36387A1}.Debug|Any CPU.Build.0 = Debug|Any CPU
		{D928C266-2F2A-40C6-8428-84CBC36387A1}.Release|Any CPU.ActiveCfg = Release|Any CPU
		{D928C266-2F2A-40C6-8428-84CBC36387A1}.Release|Any CPU.Build.0 = Release|Any CPU
		{3C2C947A-6522-4A4F-B6FA-755A5293817D}.Debug|Any CPU.ActiveCfg = Debug|Any CPU
		{3C2C947A-6522-4A4F-B6FA-755A5293817D}.Debug|Any CPU.Build.0 = Debug|Any CPU
		{3C2C947A-6522-4A4F-B6FA-755A5293817D}.Release|Any CPU.ActiveCfg = Release|Any CPU
		{3C2C947A-6522-4A4F-B6FA-755A5293817D}.Release|Any CPU.Build.0 = Release|Any CPU
		{ED73DD3D-5BF4-4E64-B7B4-285978259209}.Debug|Any CPU.ActiveCfg = Debug|Any CPU
		{ED73DD3D-5BF4-4E64-B7B4-285978259209}.Debug|Any CPU.Build.0 = Debug|Any CPU
		{ED73DD3D-5BF4-4E64-B7B4-285978259209}.Release|Any CPU.ActiveCfg = Release|Any CPU
		{ED73DD3D-5BF4-4E64-B7B4-285978259209}.Release|Any CPU.Build.0 = Release|Any CPU
		{D58475B2-CFEC-4346-808A-9E69E66EE018}.Debug|Any CPU.ActiveCfg = Debug|Any CPU
		{D58475B2-CFEC-4346-808A-9E69E66EE018}.Debug|Any CPU.Build.0 = Debug|Any CPU
		{D58475B2-CFEC-4346-808A-9E69E66EE018}.Release|Any CPU.ActiveCfg = Release|Any CPU
		{D58475B2-CFEC-4346-808A-9E69E66EE018}.Release|Any CPU.Build.0 = Release|Any CPU
		{A3BA3F23-E622-497A-BDCC-1BB83640F5BE}.Debug|Any CPU.ActiveCfg = Debug|Any CPU
		{A3BA3F23-E622-497A-BDCC-1BB83640F5BE}.Debug|Any CPU.Build.0 = Debug|Any CPU
		{A3BA3F23-E622-497A-BDCC-1BB83640F5BE}.Release|Any CPU.ActiveCfg = Release|Any CPU
		{A3BA3F23-E622-497A-BDCC-1BB83640F5BE}.Release|Any CPU.Build.0 = Release|Any CPU
	EndGlobalSection
	GlobalSection(SolutionProperties) = preSolution
		HideSolutionNode = FALSE
	EndGlobalSection
	GlobalSection(ExtensibilityGlobals) = postSolution
		SolutionGuid = {C2DA3017-1BAC-4C25-9A7C-2224E67F45DE}
	EndGlobalSection
EndGlobal
