
Microsoft Visual Studio Solution File, Format Version 12.00
# Visual Studio Version 17
VisualStudioVersion = 17.9.34728.123
MinimumVisualStudioVersion = 10.0.40219.1
Project("{9A19103F-16F7-4668-BE54-9A1E7A4F7556}") = "NotificationLog", "NotificationLog\NotificationLog.csproj", "{66F27842-9B36-4F5E-AAFB-FDFBEB3B1AA5}"
EndProject
Project("{2150E333-8FDC-42A3-9474-1A3956D46DE8}") = "Solution Items", "Solution Items", "{BC51CB36-B1D3-4631-8F8E-7EF9731682F3}"
	ProjectSection(SolutionItems) = preProject
		NotificationLog\Properties\CVRMG.json = NotificationLog\Properties\CVRMG.json
		README.md = README.md
	EndProjectSection
EndProject
Project("{9A19103F-16F7-4668-BE54-9A1E7A4F7556}") = "PublicSafety", "PublicSafety\PublicSafety.csproj", "{0A2170D9-1073-4800-8B0B-CD40BFDFE5A0}"
EndProject
Global
	GlobalSection(SolutionConfigurationPlatforms) = preSolution
		Debug|Any CPU = Debug|Any CPU
		Release|Any CPU = Release|Any CPU
	EndGlobalSection
	GlobalSection(ProjectConfigurationPlatforms) = postSolution
		{66F27842-9B36-4F5E-AAFB-FDFBEB3B1AA5}.Debug|Any CPU.ActiveCfg = Debug|Any CPU
		{66F27842-9B36-4F5E-AAFB-FDFBEB3B1AA5}.Debug|Any CPU.Build.0 = Debug|Any CPU
		{66F27842-9B36-4F5E-AAFB-FDFBEB3B1AA5}.Release|Any CPU.ActiveCfg = Release|Any CPU
		{66F27842-9B36-4F5E-AAFB-FDFBEB3B1AA5}.Release|Any CPU.Build.0 = Release|Any CPU
		{0A2170D9-1073-4800-8B0B-CD40BFDFE5A0}.Debug|Any CPU.ActiveCfg = Debug|Any CPU
		{0A2170D9-1073-4800-8B0B-CD40BFDFE5A0}.Debug|Any CPU.Build.0 = Debug|Any CPU
		{0A2170D9-1073-4800-8B0B-CD40BFDFE5A0}.Release|Any CPU.ActiveCfg = Release|Any CPU
		{0A2170D9-1073-4800-8B0B-CD40BFDFE5A0}.Release|Any CPU.Build.0 = Release|Any CPU
	EndGlobalSection
	GlobalSection(SolutionProperties) = preSolution
		HideSolutionNode = FALSE
	EndGlobalSection
	GlobalSection(ExtensibilityGlobals) = postSolution
		SolutionGuid = {C2DA3017-1BAC-4C25-9A7C-2224E67F45DE}
	EndGlobalSection
EndGlobal
